
Microsoft Visual Studio Solution File, Format Version 12.00
# Visual Studio 14
VisualStudioVersion = 14.0.25420.1
MinimumVisualStudioVersion = 10.0.40219.1
Project("{FAE04EC0-301F-11D3-BF4B-00C04F79EFBC}") = "BugHunter", "BugHunter\BugHunter\BugHunter.csproj", "{94312E36-802C-40FA-A07E-F479E74B61C2}"
EndProject
Project("{FAE04EC0-301F-11D3-BF4B-00C04F79EFBC}") = "BugHunter.Test", "BugHunter\BugHunter.Test\BugHunter.Test.csproj", "{69617204-1677-4779-B987-BEBC14150215}"
EndProject
Project("{FAE04EC0-301F-11D3-BF4B-00C04F79EFBC}") = "BugHunter.Vsix", "BugHunter\BugHunter.Vsix\BugHunter.Vsix.csproj", "{DF90A2AE-D1E5-4EEF-AA16-2990F5E05587}"
EndProject
Project("{FAE04EC0-301F-11D3-BF4B-00C04F79EFBC}") = "BugHunter.Core", "BugHunter\BugHunter.Core\BugHunter.Core.csproj", "{5EBA700C-B241-41CE-A39D-6862A95CFB7D}"
EndProject
Project("{FAE04EC0-301F-11D3-BF4B-00C04F79EFBC}") = "BugHunter.Core.Tests", "BugHunter\BugHunter.Core.Tests\BugHunter.Core.Tests.csproj", "{3DD36F90-3880-4988-8B7F-01A53E1841CB}"
EndProject
Global
	GlobalSection(SolutionConfigurationPlatforms) = preSolution
		Debug|Any CPU = Debug|Any CPU
		Release|Any CPU = Release|Any CPU
	EndGlobalSection
	GlobalSection(ProjectConfigurationPlatforms) = postSolution
		{94312E36-802C-40FA-A07E-F479E74B61C2}.Debug|Any CPU.ActiveCfg = Debug|Any CPU
		{94312E36-802C-40FA-A07E-F479E74B61C2}.Debug|Any CPU.Build.0 = Debug|Any CPU
		{94312E36-802C-40FA-A07E-F479E74B61C2}.Release|Any CPU.ActiveCfg = Release|Any CPU
		{94312E36-802C-40FA-A07E-F479E74B61C2}.Release|Any CPU.Build.0 = Release|Any CPU
		{69617204-1677-4779-B987-BEBC14150215}.Debug|Any CPU.ActiveCfg = Debug|Any CPU
		{69617204-1677-4779-B987-BEBC14150215}.Debug|Any CPU.Build.0 = Debug|Any CPU
		{69617204-1677-4779-B987-BEBC14150215}.Release|Any CPU.ActiveCfg = Release|Any CPU
		{69617204-1677-4779-B987-BEBC14150215}.Release|Any CPU.Build.0 = Release|Any CPU
		{DF90A2AE-D1E5-4EEF-AA16-2990F5E05587}.Debug|Any CPU.ActiveCfg = Debug|Any CPU
		{DF90A2AE-D1E5-4EEF-AA16-2990F5E05587}.Debug|Any CPU.Build.0 = Debug|Any CPU
		{DF90A2AE-D1E5-4EEF-AA16-2990F5E05587}.Release|Any CPU.ActiveCfg = Release|Any CPU
		{DF90A2AE-D1E5-4EEF-AA16-2990F5E05587}.Release|Any CPU.Build.0 = Release|Any CPU
		{5EBA700C-B241-41CE-A39D-6862A95CFB7D}.Debug|Any CPU.ActiveCfg = Debug|Any CPU
		{5EBA700C-B241-41CE-A39D-6862A95CFB7D}.Debug|Any CPU.Build.0 = Debug|Any CPU
		{5EBA700C-B241-41CE-A39D-6862A95CFB7D}.Release|Any CPU.ActiveCfg = Release|Any CPU
		{5EBA700C-B241-41CE-A39D-6862A95CFB7D}.Release|Any CPU.Build.0 = Release|Any CPU
		{3DD36F90-3880-4988-8B7F-01A53E1841CB}.Debug|Any CPU.ActiveCfg = Debug|Any CPU
		{3DD36F90-3880-4988-8B7F-01A53E1841CB}.Debug|Any CPU.Build.0 = Debug|Any CPU
		{3DD36F90-3880-4988-8B7F-01A53E1841CB}.Release|Any CPU.ActiveCfg = Release|Any CPU
		{3DD36F90-3880-4988-8B7F-01A53E1841CB}.Release|Any CPU.Build.0 = Release|Any CPU
	EndGlobalSection
	GlobalSection(SolutionProperties) = preSolution
		HideSolutionNode = FALSE
	EndGlobalSection
EndGlobal
